
Microsoft Visual Studio Solution File, Format Version 12.00
# Visual Studio Version 17
VisualStudioVersion = 17.4.33110.190
MinimumVisualStudioVersion = 10.0.40219.1
Project("{FAE04EC0-301F-11D3-BF4B-00C04F79EFBC}") = "JsonInvertory", "JsonInvertory.csproj", "{0225A72F-EB85-46F2-8070-3DBB9A62BD28}"
EndProject
Global
	GlobalSection(SolutionConfigurationPlatforms) = preSolution
		Debug|Any CPU = Debug|Any CPU
		Release|Any CPU = Release|Any CPU
	EndGlobalSection
	GlobalSection(ProjectConfigurationPlatforms) = postSolution
		{0225A72F-EB85-46F2-8070-3DBB9A62BD28}.Debug|Any CPU.ActiveCfg = Debug|Any CPU
		{0225A72F-EB85-46F2-8070-3DBB9A62BD28}.Debug|Any CPU.Build.0 = Debug|Any CPU
		{0225A72F-EB85-46F2-8070-3DBB9A62BD28}.Release|Any CPU.ActiveCfg = Release|Any CPU
		{0225A72F-EB85-46F2-8070-3DBB9A62BD28}.Release|Any CPU.Build.0 = Release|Any CPU
	EndGlobalSection
	GlobalSection(SolutionProperties) = preSolution
		HideSolutionNode = FALSE
	EndGlobalSection
	GlobalSection(ExtensibilityGlobals) = postSolution
		SolutionGuid = {392971AB-9A1D-44BA-9F11-E49E6974CB95}
	EndGlobalSection
EndGlobal
